
Microsoft Visual Studio Solution File, Format Version 12.00
# Visual Studio Version 16
VisualStudioVersion = 16.0.30503.244
MinimumVisualStudioVersion = 10.0.40219.1
Project("{FAE04EC0-301F-11D3-BF4B-00C04F79EFBC}") = "Login_Zl", "Login_Zl\Login_Zl.csproj", "{CEC5EB4F-603E-4B62-9CB4-7AC8DC9EE2EC}"
EndProject
Global
	GlobalSection(SolutionConfigurationPlatforms) = preSolution
		Debug|Any CPU = Debug|Any CPU
		Release|Any CPU = Release|Any CPU
	EndGlobalSection
	GlobalSection(ProjectConfigurationPlatforms) = postSolution
		{CEC5EB4F-603E-4B62-9CB4-7AC8DC9EE2EC}.Debug|Any CPU.ActiveCfg = Debug|Any CPU
		{CEC5EB4F-603E-4B62-9CB4-7AC8DC9EE2EC}.Debug|Any CPU.Build.0 = Debug|Any CPU
		{CEC5EB4F-603E-4B62-9CB4-7AC8DC9EE2EC}.Release|Any CPU.ActiveCfg = Release|Any CPU
		{CEC5EB4F-603E-4B62-9CB4-7AC8DC9EE2EC}.Release|Any CPU.Build.0 = Release|Any CPU
	EndGlobalSection
	GlobalSection(SolutionProperties) = preSolution
		HideSolutionNode = FALSE
	EndGlobalSection
	GlobalSection(ExtensibilityGlobals) = postSolution
		SolutionGuid = {63B5EE94-39B6-4AB5-8D8D-B56023C0F6D1}
	EndGlobalSection
EndGlobal
